
Microsoft Visual Studio Solution File, Format Version 12.00
# Visual Studio Version 16
VisualStudioVersion = 16.0.31424.327
MinimumVisualStudioVersion = 10.0.40219.1
Project("{FAE04EC0-301F-11D3-BF4B-00C04F79EFBC}") = "LearnIT", "LearnIT\LearnIT.csproj", "{E48C276E-DE4A-4549-8BB2-D5128BA23269}"
EndProject
Global
	GlobalSection(SolutionConfigurationPlatforms) = preSolution
		Debug|Any CPU = Debug|Any CPU
		Release|Any CPU = Release|Any CPU
	EndGlobalSection
	GlobalSection(ProjectConfigurationPlatforms) = postSolution
		{E48C276E-DE4A-4549-8BB2-D5128BA23269}.Debug|Any CPU.ActiveCfg = Debug|Any CPU
		{E48C276E-DE4A-4549-8BB2-D5128BA23269}.Debug|Any CPU.Build.0 = Debug|Any CPU
		{E48C276E-DE4A-4549-8BB2-D5128BA23269}.Release|Any CPU.ActiveCfg = Release|Any CPU
		{E48C276E-DE4A-4549-8BB2-D5128BA23269}.Release|Any CPU.Build.0 = Release|Any CPU
	EndGlobalSection
	GlobalSection(SolutionProperties) = preSolution
		HideSolutionNode = FALSE
	EndGlobalSection
	GlobalSection(ExtensibilityGlobals) = postSolution
		SolutionGuid = {E027FD6B-7515-4F4C-93F1-1A67612805C9}
	EndGlobalSection
EndGlobal
